
Microsoft Visual Studio Solution File, Format Version 12.00
# Visual Studio Version 16
VisualStudioVersion = 16.0.30011.22
MinimumVisualStudioVersion = 10.0.40219.1
Project("{FAE04EC0-301F-11D3-BF4B-00C04F79EFBC}") = "Game.ActorModel", "Game.ActorModel\Game.ActorModel.csproj", "{D599AB8D-4009-4424-85A5-7FB68A3F2390}"
EndProject
Project("{FAE04EC0-301F-11D3-BF4B-00C04F79EFBC}") = "Game.Web", "Game.Web\Game.Web.csproj", "{D93B382B-8026-4C2D-A477-D44D4078AFF9}"
EndProject
Global
	GlobalSection(SolutionConfigurationPlatforms) = preSolution
		Debug|Any CPU = Debug|Any CPU
		Release|Any CPU = Release|Any CPU
	EndGlobalSection
	GlobalSection(ProjectConfigurationPlatforms) = postSolution
		{D599AB8D-4009-4424-85A5-7FB68A3F2390}.Debug|Any CPU.ActiveCfg = Debug|Any CPU
		{D599AB8D-4009-4424-85A5-7FB68A3F2390}.Debug|Any CPU.Build.0 = Debug|Any CPU
		{D599AB8D-4009-4424-85A5-7FB68A3F2390}.Release|Any CPU.ActiveCfg = Release|Any CPU
		{D599AB8D-4009-4424-85A5-7FB68A3F2390}.Release|Any CPU.Build.0 = Release|Any CPU
		{D93B382B-8026-4C2D-A477-D44D4078AFF9}.Debug|Any CPU.ActiveCfg = Debug|Any CPU
		{D93B382B-8026-4C2D-A477-D44D4078AFF9}.Debug|Any CPU.Build.0 = Debug|Any CPU
		{D93B382B-8026-4C2D-A477-D44D4078AFF9}.Release|Any CPU.ActiveCfg = Release|Any CPU
		{D93B382B-8026-4C2D-A477-D44D4078AFF9}.Release|Any CPU.Build.0 = Release|Any CPU
	EndGlobalSection
	GlobalSection(SolutionProperties) = preSolution
		HideSolutionNode = FALSE
	EndGlobalSection
	GlobalSection(ExtensibilityGlobals) = postSolution
		SolutionGuid = {F3DFA24E-1894-47CE-8EA6-817B508F7788}
	EndGlobalSection
EndGlobal
